Microsoft Visual Studio Solution File, Format Version 11.00
# Visual Studio 2008

Project("{44E857BC-3472-1565-1E2F-ED4A55C9F952}") = "SidTask", "Assembly-CSharp.csproj", "{273D570E-FDB8-47A2-B433-0A0B293F1639}"
EndProject
Global
	GlobalSection(SolutionConfigurationPlatforms) = preSolution
		Debug|Any CPU = Debug|Any CPU
		Release|Any CPU = Release|Any CPU
	EndGlobalSection
	GlobalSection(ProjectConfigurationPlatforms) = postSolution
		{273D570E-FDB8-47A2-B433-0A0B293F1639}.Debug|Any CPU.ActiveCfg = Debug|Any CPU
		{273D570E-FDB8-47A2-B433-0A0B293F1639}.Debug|Any CPU.Build.0 = Debug|Any CPU
		{273D570E-FDB8-47A2-B433-0A0B293F1639}.Release|Any CPU.ActiveCfg = Release|Any CPU
		{273D570E-FDB8-47A2-B433-0A0B293F1639}.Release|Any CPU.Build.0 = Release|Any CPU
	EndGlobalSection
	GlobalSection(SolutionProperties) = preSolution
		HideSolutionNode = FALSE
	EndGlobalSection
	GlobalSection(MonoDevelopProperties) = preSolution
		StartupItem = Assembly-CSharp.csproj
	EndGlobalSection
EndGlobal
