Microsoft Visual Studio Solution File, Format Version 11.00
# Visual Studio 2008

Project("{2D30FA68-7068-1909-EF9C-7934835E9EF2}") = "TableTemplate", "Assembly-CSharp.csproj", "{D5F015DE-4B1D-46FC-854E-999CDC93ACEB}"
EndProject
Global
	GlobalSection(SolutionConfigurationPlatforms) = preSolution
		Debug|Any CPU = Debug|Any CPU
		Release|Any CPU = Release|Any CPU
	EndGlobalSection
	GlobalSection(ProjectConfigurationPlatforms) = postSolution
		{D5F015DE-4B1D-46FC-854E-999CDC93ACEB}.Debug|Any CPU.ActiveCfg = Debug|Any CPU
		{D5F015DE-4B1D-46FC-854E-999CDC93ACEB}.Debug|Any CPU.Build.0 = Debug|Any CPU
		{D5F015DE-4B1D-46FC-854E-999CDC93ACEB}.Release|Any CPU.ActiveCfg = Release|Any CPU
		{D5F015DE-4B1D-46FC-854E-999CDC93ACEB}.Release|Any CPU.Build.0 = Release|Any CPU
	EndGlobalSection
	GlobalSection(SolutionProperties) = preSolution
		HideSolutionNode = FALSE
	EndGlobalSection
	GlobalSection(MonoDevelopProperties) = preSolution
		StartupItem = Assembly-CSharp.csproj
	EndGlobalSection
EndGlobal
